
Microsoft Visual Studio Solution File, Format Version 12.00
# Visual Studio Version 16
VisualStudioVersion = 16.0.31729.503
MinimumVisualStudioVersion = 10.0.40219.1
Project("{FAE04EC0-301F-11D3-BF4B-00C04F79EFBC}") = "CW1-WebAppUI-7784", "CW1-WebAppUI-7784\CW1-WebAppUI-7784.csproj", "{BE048CF3-BC31-48F1-B202-921CE80AC09E}"
EndProject
Global
	GlobalSection(SolutionConfigurationPlatforms) = preSolution
		Debug|Any CPU = Debug|Any CPU
		Release|Any CPU = Release|Any CPU
	EndGlobalSection
	GlobalSection(ProjectConfigurationPlatforms) = postSolution
		{BE048CF3-BC31-48F1-B202-921CE80AC09E}.Debug|Any CPU.ActiveCfg = Debug|Any CPU
		{BE048CF3-BC31-48F1-B202-921CE80AC09E}.Debug|Any CPU.Build.0 = Debug|Any CPU
		{BE048CF3-BC31-48F1-B202-921CE80AC09E}.Release|Any CPU.ActiveCfg = Release|Any CPU
		{BE048CF3-BC31-48F1-B202-921CE80AC09E}.Release|Any CPU.Build.0 = Release|Any CPU
	EndGlobalSection
	GlobalSection(SolutionProperties) = preSolution
		HideSolutionNode = FALSE
	EndGlobalSection
	GlobalSection(ExtensibilityGlobals) = postSolution
		SolutionGuid = {A05D1E2C-5286-40E4-958B-F76FF22E59BF}
	EndGlobalSection
EndGlobal
